
Microsoft Visual Studio Solution File, Format Version 10.00
# Visual C# Express 2008
Project("{FAE04EC0-301F-11D3-BF4B-00C04F79EFBC}") = "H2Memory", "H2Memory.csproj", "{45C11D81-EBCB-438D-BD85-E87418EBF981}"
EndProject
Project("{FAE04EC0-301F-11D3-BF4B-00C04F79EFBC}") = "Zombies", "..\H2Memory_Tests\Zombies.csproj", "{1E11AEF2-3AC3-474C-B876-89D4ABAA9C3F}"
EndProject
Project("{FAE04EC0-301F-11D3-BF4B-00C04F79EFBC}") = "XPatch", "..\XPatch\XPatch.csproj", "{4843E8B8-4FC5-456D-ADC5-CF0166A431F8}"
EndProject
Project("{FAE04EC0-301F-11D3-BF4B-00C04F79EFBC}") = "AllyBrawl -Client", "..\AllyBrawl\AllyBrawl -Client.csproj", "{3BB6EC31-A1BC-4585-910F-0221ED7015E2}"
EndProject
Project("{FAE04EC0-301F-11D3-BF4B-00C04F79EFBC}") = "AllyBrawl -Server", "..\AllyBrawl -Server\AllyBrawl -Server.csproj", "{158446BD-1955-43F2-96DC-85CF20FEDA35}"
EndProject
Project("{FAE04EC0-301F-11D3-BF4B-00C04F79EFBC}") = "ServerSpeed!", "..\ServerSpeed!\ServerSpeed!.csproj", "{721C0B09-209E-4662-B292-82947FE7950A}"
EndProject
Project("{FAE04EC0-301F-11D3-BF4B-00C04F79EFBC}") = "H2V AntiDDoS", "..\H2V AntiDDoS\H2V AntiDDoS.csproj", "{38600B43-626F-48B0-87AB-3BFECE8ACDEA}"
	ProjectSection(ProjectDependencies) = postProject
		{45C11D81-EBCB-438D-BD85-E87418EBF981} = {45C11D81-EBCB-438D-BD85-E87418EBF981}
	EndProjectSection
EndProject
Project("{FAE04EC0-301F-11D3-BF4B-00C04F79EFBC}") = "DynObjectStuff", "..\DynObjectStuff\DynObjectStuff.csproj", "{E60E1CB2-1C6E-49E4-A22F-D51F7BB8EC8F}"
EndProject
Project("{FAE04EC0-301F-11D3-BF4B-00C04F79EFBC}") = "ElitesSuck", "..\ElitesSuck\ElitesSuck.csproj", "{3FF87D68-32C6-401D-A01A-9F3D2371E635}"
EndProject
Project("{FAE04EC0-301F-11D3-BF4B-00C04F79EFBC}") = "ServerListNameHack", "..\ServerListNameHack\ServerListNameHack.csproj", "{FEFA793D-AC62-4437-B25D-EBF5658E0086}"
	ProjectSection(ProjectDependencies) = postProject
		{45C11D81-EBCB-438D-BD85-E87418EBF981} = {45C11D81-EBCB-438D-BD85-E87418EBF981}
	EndProjectSection
EndProject
Project("{FAE04EC0-301F-11D3-BF4B-00C04F79EFBC}") = "AntiCheat", "..\AntiCheat\AntiCheat.csproj", "{FCEFCB45-8419-4356-A8A9-89ADD0D1B31E}"
EndProject
Project("{FAE04EC0-301F-11D3-BF4B-00C04F79EFBC}") = "Sloth", "..\Sloth\Sloth.csproj", "{A9AEFB67-91E4-44F2-9C8B-70D283454E9E}"
EndProject
Project("{FAE04EC0-301F-11D3-BF4B-00C04F79EFBC}") = "Client AKA", "..\Client AKA\Client AKA.csproj", "{55CBCD1A-69B8-4C95-8B9F-250F51BA82E2}"
EndProject
Global
	GlobalSection(SolutionConfigurationPlatforms) = preSolution
		Debug|Any CPU = Debug|Any CPU
		Debug|Mixed Platforms = Debug|Mixed Platforms
		Debug|x86 = Debug|x86
		Release|Any CPU = Release|Any CPU
		Release|Mixed Platforms = Release|Mixed Platforms
		Release|x86 = Release|x86
	EndGlobalSection
	GlobalSection(ProjectConfigurationPlatforms) = postSolution
		{45C11D81-EBCB-438D-BD85-E87418EBF981}.Debug|Any CPU.ActiveCfg = Debug|Any CPU
		{45C11D81-EBCB-438D-BD85-E87418EBF981}.Debug|Any CPU.Build.0 = Debug|Any CPU
		{45C11D81-EBCB-438D-BD85-E87418EBF981}.Debug|Mixed Platforms.ActiveCfg = Debug|Any CPU
		{45C11D81-EBCB-438D-BD85-E87418EBF981}.Debug|Mixed Platforms.Build.0 = Debug|Any CPU
		{45C11D81-EBCB-438D-BD85-E87418EBF981}.Debug|x86.ActiveCfg = Debug|Any CPU
		{45C11D81-EBCB-438D-BD85-E87418EBF981}.Release|Any CPU.ActiveCfg = Release|Any CPU
		{45C11D81-EBCB-438D-BD85-E87418EBF981}.Release|Any CPU.Build.0 = Release|Any CPU
		{45C11D81-EBCB-438D-BD85-E87418EBF981}.Release|Mixed Platforms.ActiveCfg = Release|Any CPU
		{45C11D81-EBCB-438D-BD85-E87418EBF981}.Release|Mixed Platforms.Build.0 = Release|Any CPU
		{45C11D81-EBCB-438D-BD85-E87418EBF981}.Release|x86.ActiveCfg = Release|Any CPU
		{1E11AEF2-3AC3-474C-B876-89D4ABAA9C3F}.Debug|Any CPU.ActiveCfg = Debug|x86
		{1E11AEF2-3AC3-474C-B876-89D4ABAA9C3F}.Debug|Mixed Platforms.ActiveCfg = Debug|x86
		{1E11AEF2-3AC3-474C-B876-89D4ABAA9C3F}.Debug|Mixed Platforms.Build.0 = Debug|x86
		{1E11AEF2-3AC3-474C-B876-89D4ABAA9C3F}.Debug|x86.ActiveCfg = Debug|x86
		{1E11AEF2-3AC3-474C-B876-89D4ABAA9C3F}.Debug|x86.Build.0 = Debug|x86
		{1E11AEF2-3AC3-474C-B876-89D4ABAA9C3F}.Release|Any CPU.ActiveCfg = Release|x86
		{1E11AEF2-3AC3-474C-B876-89D4ABAA9C3F}.Release|Mixed Platforms.ActiveCfg = Release|x86
		{1E11AEF2-3AC3-474C-B876-89D4ABAA9C3F}.Release|Mixed Platforms.Build.0 = Release|x86
		{1E11AEF2-3AC3-474C-B876-89D4ABAA9C3F}.Release|x86.ActiveCfg = Release|x86
		{1E11AEF2-3AC3-474C-B876-89D4ABAA9C3F}.Release|x86.Build.0 = Release|x86
		{4843E8B8-4FC5-456D-ADC5-CF0166A431F8}.Debug|Any CPU.ActiveCfg = Debug|x86
		{4843E8B8-4FC5-456D-ADC5-CF0166A431F8}.Debug|Mixed Platforms.ActiveCfg = Debug|x86
		{4843E8B8-4FC5-456D-ADC5-CF0166A431F8}.Debug|Mixed Platforms.Build.0 = Debug|x86
		{4843E8B8-4FC5-456D-ADC5-CF0166A431F8}.Debug|x86.ActiveCfg = Debug|x86
		{4843E8B8-4FC5-456D-ADC5-CF0166A431F8}.Debug|x86.Build.0 = Debug|x86
		{4843E8B8-4FC5-456D-ADC5-CF0166A431F8}.Release|Any CPU.ActiveCfg = Release|x86
		{4843E8B8-4FC5-456D-ADC5-CF0166A431F8}.Release|Mixed Platforms.ActiveCfg = Release|x86
		{4843E8B8-4FC5-456D-ADC5-CF0166A431F8}.Release|Mixed Platforms.Build.0 = Release|x86
		{4843E8B8-4FC5-456D-ADC5-CF0166A431F8}.Release|x86.ActiveCfg = Release|x86
		{4843E8B8-4FC5-456D-ADC5-CF0166A431F8}.Release|x86.Build.0 = Release|x86
		{3BB6EC31-A1BC-4585-910F-0221ED7015E2}.Debug|Any CPU.ActiveCfg = Debug|Any CPU
		{3BB6EC31-A1BC-4585-910F-0221ED7015E2}.Debug|Any CPU.Build.0 = Debug|Any CPU
		{3BB6EC31-A1BC-4585-910F-0221ED7015E2}.Debug|Mixed Platforms.ActiveCfg = Debug|Any CPU
		{3BB6EC31-A1BC-4585-910F-0221ED7015E2}.Debug|Mixed Platforms.Build.0 = Debug|Any CPU
		{3BB6EC31-A1BC-4585-910F-0221ED7015E2}.Debug|x86.ActiveCfg = Debug|Any CPU
		{3BB6EC31-A1BC-4585-910F-0221ED7015E2}.Release|Any CPU.ActiveCfg = Release|Any CPU
		{3BB6EC31-A1BC-4585-910F-0221ED7015E2}.Release|Any CPU.Build.0 = Release|Any CPU
		{3BB6EC31-A1BC-4585-910F-0221ED7015E2}.Release|Mixed Platforms.ActiveCfg = Release|Any CPU
		{3BB6EC31-A1BC-4585-910F-0221ED7015E2}.Release|Mixed Platforms.Build.0 = Release|Any CPU
		{3BB6EC31-A1BC-4585-910F-0221ED7015E2}.Release|x86.ActiveCfg = Release|Any CPU
		{158446BD-1955-43F2-96DC-85CF20FEDA35}.Debug|Any CPU.ActiveCfg = Debug|Any CPU
		{158446BD-1955-43F2-96DC-85CF20FEDA35}.Debug|Any CPU.Build.0 = Debug|Any CPU
		{158446BD-1955-43F2-96DC-85CF20FEDA35}.Debug|Mixed Platforms.ActiveCfg = Debug|Any CPU
		{158446BD-1955-43F2-96DC-85CF20FEDA35}.Debug|Mixed Platforms.Build.0 = Debug|Any CPU
		{158446BD-1955-43F2-96DC-85CF20FEDA35}.Debug|x86.ActiveCfg = Debug|Any CPU
		{158446BD-1955-43F2-96DC-85CF20FEDA35}.Release|Any CPU.ActiveCfg = Release|Any CPU
		{158446BD-1955-43F2-96DC-85CF20FEDA35}.Release|Any CPU.Build.0 = Release|Any CPU
		{158446BD-1955-43F2-96DC-85CF20FEDA35}.Release|Mixed Platforms.ActiveCfg = Release|Any CPU
		{158446BD-1955-43F2-96DC-85CF20FEDA35}.Release|Mixed Platforms.Build.0 = Release|Any CPU
		{158446BD-1955-43F2-96DC-85CF20FEDA35}.Release|x86.ActiveCfg = Release|Any CPU
		{721C0B09-209E-4662-B292-82947FE7950A}.Debug|Any CPU.ActiveCfg = Debug|Any CPU
		{721C0B09-209E-4662-B292-82947FE7950A}.Debug|Any CPU.Build.0 = Debug|Any CPU
		{721C0B09-209E-4662-B292-82947FE7950A}.Debug|Mixed Platforms.ActiveCfg = Debug|Any CPU
		{721C0B09-209E-4662-B292-82947FE7950A}.Debug|Mixed Platforms.Build.0 = Debug|Any CPU
		{721C0B09-209E-4662-B292-82947FE7950A}.Debug|x86.ActiveCfg = Debug|Any CPU
		{721C0B09-209E-4662-B292-82947FE7950A}.Release|Any CPU.ActiveCfg = Release|Any CPU
		{721C0B09-209E-4662-B292-82947FE7950A}.Release|Any CPU.Build.0 = Release|Any CPU
		{721C0B09-209E-4662-B292-82947FE7950A}.Release|Mixed Platforms.ActiveCfg = Release|Any CPU
		{721C0B09-209E-4662-B292-82947FE7950A}.Release|Mixed Platforms.Build.0 = Release|Any CPU
		{721C0B09-209E-4662-B292-82947FE7950A}.Release|x86.ActiveCfg = Release|Any CPU
		{38600B43-626F-48B0-87AB-3BFECE8ACDEA}.Debug|Any CPU.ActiveCfg = Debug|Any CPU
		{38600B43-626F-48B0-87AB-3BFECE8ACDEA}.Debug|Any CPU.Build.0 = Debug|Any CPU
		{38600B43-626F-48B0-87AB-3BFECE8ACDEA}.Debug|Mixed Platforms.ActiveCfg = Debug|Any CPU
		{38600B43-626F-48B0-87AB-3BFECE8ACDEA}.Debug|Mixed Platforms.Build.0 = Debug|Any CPU
		{38600B43-626F-48B0-87AB-3BFECE8ACDEA}.Debug|x86.ActiveCfg = Debug|Any CPU
		{38600B43-626F-48B0-87AB-3BFECE8ACDEA}.Release|Any CPU.ActiveCfg = Release|Any CPU
		{38600B43-626F-48B0-87AB-3BFECE8ACDEA}.Release|Any CPU.Build.0 = Release|Any CPU
		{38600B43-626F-48B0-87AB-3BFECE8ACDEA}.Release|Mixed Platforms.ActiveCfg = Release|Any CPU
		{38600B43-626F-48B0-87AB-3BFECE8ACDEA}.Release|Mixed Platforms.Build.0 = Release|Any CPU
		{38600B43-626F-48B0-87AB-3BFECE8ACDEA}.Release|x86.ActiveCfg = Release|Any CPU
		{E60E1CB2-1C6E-49E4-A22F-D51F7BB8EC8F}.Debug|Any CPU.ActiveCfg = Debug|Any CPU
		{E60E1CB2-1C6E-49E4-A22F-D51F7BB8EC8F}.Debug|Any CPU.Build.0 = Debug|Any CPU
		{E60E1CB2-1C6E-49E4-A22F-D51F7BB8EC8F}.Debug|Mixed Platforms.ActiveCfg = Debug|Any CPU
		{E60E1CB2-1C6E-49E4-A22F-D51F7BB8EC8F}.Debug|Mixed Platforms.Build.0 = Debug|Any CPU
		{E60E1CB2-1C6E-49E4-A22F-D51F7BB8EC8F}.Debug|x86.ActiveCfg = Debug|Any CPU
		{E60E1CB2-1C6E-49E4-A22F-D51F7BB8EC8F}.Release|Any CPU.ActiveCfg = Release|Any CPU
		{E60E1CB2-1C6E-49E4-A22F-D51F7BB8EC8F}.Release|Any CPU.Build.0 = Release|Any CPU
		{E60E1CB2-1C6E-49E4-A22F-D51F7BB8EC8F}.Release|Mixed Platforms.ActiveCfg = Release|Any CPU
		{E60E1CB2-1C6E-49E4-A22F-D51F7BB8EC8F}.Release|Mixed Platforms.Build.0 = Release|Any CPU
		{E60E1CB2-1C6E-49E4-A22F-D51F7BB8EC8F}.Release|x86.ActiveCfg = Release|Any CPU
		{3FF87D68-32C6-401D-A01A-9F3D2371E635}.Debug|Any CPU.ActiveCfg = Debug|Any CPU
		{3FF87D68-32C6-401D-A01A-9F3D2371E635}.Debug|Any CPU.Build.0 = Debug|Any CPU
		{3FF87D68-32C6-401D-A01A-9F3D2371E635}.Debug|Mixed Platforms.ActiveCfg = Debug|Any CPU
		{3FF87D68-32C6-401D-A01A-9F3D2371E635}.Debug|Mixed Platforms.Build.0 = Debug|Any CPU
		{3FF87D68-32C6-401D-A01A-9F3D2371E635}.Debug|x86.ActiveCfg = Debug|Any CPU
		{3FF87D68-32C6-401D-A01A-9F3D2371E635}.Release|Any CPU.ActiveCfg = Release|Any CPU
		{3FF87D68-32C6-401D-A01A-9F3D2371E635}.Release|Any CPU.Build.0 = Release|Any CPU
		{3FF87D68-32C6-401D-A01A-9F3D2371E635}.Release|Mixed Platforms.ActiveCfg = Release|Any CPU
		{3FF87D68-32C6-401D-A01A-9F3D2371E635}.Release|Mixed Platforms.Build.0 = Release|Any CPU
		{3FF87D68-32C6-401D-A01A-9F3D2371E635}.Release|x86.ActiveCfg = Release|Any CPU
		{FEFA793D-AC62-4437-B25D-EBF5658E0086}.Debug|Any CPU.ActiveCfg = Debug|Any CPU
		{FEFA793D-AC62-4437-B25D-EBF5658E0086}.Debug|Any CPU.Build.0 = Debug|Any CPU
		{FEFA793D-AC62-4437-B25D-EBF5658E0086}.Debug|Mixed Platforms.ActiveCfg = Debug|Any CPU
		{FEFA793D-AC62-4437-B25D-EBF5658E0086}.Debug|Mixed Platforms.Build.0 = Debug|Any CPU
		{FEFA793D-AC62-4437-B25D-EBF5658E0086}.Debug|x86.ActiveCfg = Debug|Any CPU
		{FEFA793D-AC62-4437-B25D-EBF5658E0086}.Release|Any CPU.ActiveCfg = Release|Any CPU
		{FEFA793D-AC62-4437-B25D-EBF5658E0086}.Release|Any CPU.Build.0 = Release|Any CPU
		{FEFA793D-AC62-4437-B25D-EBF5658E0086}.Release|Mixed Platforms.ActiveCfg = Release|Any CPU
		{FEFA793D-AC62-4437-B25D-EBF5658E0086}.Release|Mixed Platforms.Build.0 = Release|Any CPU
		{FEFA793D-AC62-4437-B25D-EBF5658E0086}.Release|x86.ActiveCfg = Release|Any CPU
		{FCEFCB45-8419-4356-A8A9-89ADD0D1B31E}.Debug|Any CPU.ActiveCfg = Debug|Any CPU
		{FCEFCB45-8419-4356-A8A9-89ADD0D1B31E}.Debug|Any CPU.Build.0 = Debug|Any CPU
		{FCEFCB45-8419-4356-A8A9-89ADD0D1B31E}.Debug|Mixed Platforms.ActiveCfg = Debug|Any CPU
		{FCEFCB45-8419-4356-A8A9-89ADD0D1B31E}.Debug|Mixed Platforms.Build.0 = Debug|Any CPU
		{FCEFCB45-8419-4356-A8A9-89ADD0D1B31E}.Debug|x86.ActiveCfg = Debug|Any CPU
		{FCEFCB45-8419-4356-A8A9-89ADD0D1B31E}.Release|Any CPU.ActiveCfg = Release|Any CPU
		{FCEFCB45-8419-4356-A8A9-89ADD0D1B31E}.Release|Any CPU.Build.0 = Release|Any CPU
		{FCEFCB45-8419-4356-A8A9-89ADD0D1B31E}.Release|Mixed Platforms.ActiveCfg = Release|Any CPU
		{FCEFCB45-8419-4356-A8A9-89ADD0D1B31E}.Release|Mixed Platforms.Build.0 = Release|Any CPU
		{FCEFCB45-8419-4356-A8A9-89ADD0D1B31E}.Release|x86.ActiveCfg = Release|Any CPU
		{A9AEFB67-91E4-44F2-9C8B-70D283454E9E}.Debug|Any CPU.ActiveCfg = Debug|x86
		{A9AEFB67-91E4-44F2-9C8B-70D283454E9E}.Debug|Mixed Platforms.ActiveCfg = Debug|x86
		{A9AEFB67-91E4-44F2-9C8B-70D283454E9E}.Debug|Mixed Platforms.Build.0 = Debug|x86
		{A9AEFB67-91E4-44F2-9C8B-70D283454E9E}.Debug|x86.ActiveCfg = Debug|x86
		{A9AEFB67-91E4-44F2-9C8B-70D283454E9E}.Debug|x86.Build.0 = Debug|x86
		{A9AEFB67-91E4-44F2-9C8B-70D283454E9E}.Release|Any CPU.ActiveCfg = Release|x86
		{A9AEFB67-91E4-44F2-9C8B-70D283454E9E}.Release|Mixed Platforms.ActiveCfg = Release|x86
		{A9AEFB67-91E4-44F2-9C8B-70D283454E9E}.Release|Mixed Platforms.Build.0 = Release|x86
		{A9AEFB67-91E4-44F2-9C8B-70D283454E9E}.Release|x86.ActiveCfg = Release|x86
		{A9AEFB67-91E4-44F2-9C8B-70D283454E9E}.Release|x86.Build.0 = Release|x86
		{55CBCD1A-69B8-4C95-8B9F-250F51BA82E2}.Debug|Any CPU.ActiveCfg = Debug|Any CPU
		{55CBCD1A-69B8-4C95-8B9F-250F51BA82E2}.Debug|Any CPU.Build.0 = Debug|Any CPU
		{55CBCD1A-69B8-4C95-8B9F-250F51BA82E2}.Debug|Mixed Platforms.ActiveCfg = Debug|Any CPU
		{55CBCD1A-69B8-4C95-8B9F-250F51BA82E2}.Debug|Mixed Platforms.Build.0 = Debug|Any CPU
		{55CBCD1A-69B8-4C95-8B9F-250F51BA82E2}.Debug|x86.ActiveCfg = Debug|Any CPU
		{55CBCD1A-69B8-4C95-8B9F-250F51BA82E2}.Release|Any CPU.ActiveCfg = Release|Any CPU
		{55CBCD1A-69B8-4C95-8B9F-250F51BA82E2}.Release|Any CPU.Build.0 = Release|Any CPU
		{55CBCD1A-69B8-4C95-8B9F-250F51BA82E2}.Release|Mixed Platforms.ActiveCfg = Release|Any CPU
		{55CBCD1A-69B8-4C95-8B9F-250F51BA82E2}.Release|Mixed Platforms.Build.0 = Release|Any CPU
		{55CBCD1A-69B8-4C95-8B9F-250F51BA82E2}.Release|x86.ActiveCfg = Release|Any CPU
	EndGlobalSection
	GlobalSection(SolutionProperties) = preSolution
		HideSolutionNode = FALSE
	EndGlobalSection
EndGlobal
